
Microsoft Visual Studio Solution File, Format Version 12.00
# Visual Studio Version 16
VisualStudioVersion = 16.0.30406.217
MinimumVisualStudioVersion = 10.0.40219.1
Project("{FAE04EC0-301F-11D3-BF4B-00C04F79EFBC}") = "QuanLySinhVien", "QuanLySinhVien\QuanLySinhVien.csproj", "{11F5EFC1-E6F4-4F2B-B418-B76EDDF5DAED}"
EndProject
Project("{FAE04EC0-301F-11D3-BF4B-00C04F79EFBC}") = "Models", "Models\Models.csproj", "{2CA244D0-1EA0-4C58-ADA0-1DD96F217A73}"
EndProject
Global
	GlobalSection(SolutionConfigurationPlatforms) = preSolution
		Debug|Any CPU = Debug|Any CPU
		Release|Any CPU = Release|Any CPU
	EndGlobalSection
	GlobalSection(ProjectConfigurationPlatforms) = postSolution
		{11F5EFC1-E6F4-4F2B-B418-B76EDDF5DAED}.Debug|Any CPU.ActiveCfg = Debug|Any CPU
		{11F5EFC1-E6F4-4F2B-B418-B76EDDF5DAED}.Debug|Any CPU.Build.0 = Debug|Any CPU
		{11F5EFC1-E6F4-4F2B-B418-B76EDDF5DAED}.Release|Any CPU.ActiveCfg = Release|Any CPU
		{11F5EFC1-E6F4-4F2B-B418-B76EDDF5DAED}.Release|Any CPU.Build.0 = Release|Any CPU
		{2CA244D0-1EA0-4C58-ADA0-1DD96F217A73}.Debug|Any CPU.ActiveCfg = Debug|Any CPU
		{2CA244D0-1EA0-4C58-ADA0-1DD96F217A73}.Debug|Any CPU.Build.0 = Debug|Any CPU
		{2CA244D0-1EA0-4C58-ADA0-1DD96F217A73}.Release|Any CPU.ActiveCfg = Release|Any CPU
		{2CA244D0-1EA0-4C58-ADA0-1DD96F217A73}.Release|Any CPU.Build.0 = Release|Any CPU
	EndGlobalSection
	GlobalSection(SolutionProperties) = preSolution
		HideSolutionNode = FALSE
	EndGlobalSection
	GlobalSection(ExtensibilityGlobals) = postSolution
		SolutionGuid = {78E0409F-6CBE-48E2-A1BF-E4C7FA1AF978}
	EndGlobalSection
EndGlobal
